
Microsoft Visual Studio Solution File, Format Version 12.00
# Visual Studio Version 17
VisualStudioVersion = 17.9.34622.214
MinimumVisualStudioVersion = 10.0.40219.1
Project("{9A19103F-16F7-4668-BE54-9A1E7A4F7556}") = "PREnvFormsGridEmployeeEditForm", "PREnvFormsGridEmployeeEditForm.csproj", "{1B409066-9E8E-4A0A-B017-BF3B5CCCE36A}"
EndProject
Global
	GlobalSection(SolutionConfigurationPlatforms) = preSolution
		Debug|Any CPU = Debug|Any CPU
		Release|Any CPU = Release|Any CPU
	EndGlobalSection
	GlobalSection(ProjectConfigurationPlatforms) = postSolution
		{1B409066-9E8E-4A0A-B017-BF3B5CCCE36A}.Debug|Any CPU.ActiveCfg = Debug|Any CPU
		{1B409066-9E8E-4A0A-B017-BF3B5CCCE36A}.Debug|Any CPU.Build.0 = Debug|Any CPU
		{1B409066-9E8E-4A0A-B017-BF3B5CCCE36A}.Release|Any CPU.ActiveCfg = Release|Any CPU
		{1B409066-9E8E-4A0A-B017-BF3B5CCCE36A}.Release|Any CPU.Build.0 = Release|Any CPU
	EndGlobalSection
	GlobalSection(SolutionProperties) = preSolution
		HideSolutionNode = FALSE
	EndGlobalSection
	GlobalSection(ExtensibilityGlobals) = postSolution
		SolutionGuid = {2E633CC3-E80C-4075-8C00-0BAA9466A2D2}
	EndGlobalSection
EndGlobal
